<?xml version="1.0" encoding="utf-8"?>
<Project ToolsVersion="4.0" xmlns="http://schemas.microsoft.com/developer/msbuild/2003">
  <ItemGroup>
    <Filter Include="源文件">
      <UniqueIdentifier>{4FC737F1-C7A5-4376-A066-2A32D752A2FF}</UniqueIdentifier>
      <Extensions>cpp;c;cc;cxx;c++;cppm;ixx;def;odl;idl;hpj;bat;asm;asmx</Extensions>
    </Filter>
    <Filter Include="头文件">
      <UniqueIdentifier>{93995380-89BD-4b04-88EB-625FBE52EBFB}</UniqueIdentifier>
      <Extensions>h;hh;hpp;hxx;h++;hm;inl;inc;ipp;xsd</Extensions>
    </Filter>
    <Filter Include="资源文件">
      <UniqueIdentifier>{67DA6AB6-F800-4c08-8B7A-83BB121AAD01}</UniqueIdentifier>
      <Extensions>rc;ico;cur;bmp;dlg;rc2;rct;bin;rgs;gif;jpg;jpeg;jpe;resx;tiff;tif;png;wav;mfcribbon-ms</Extensions>
    </Filter>
  </ItemGroup>
  <ItemGroup>
    <ClCompile Include="galaxy_fighter\core\inputManager.cpp">
      <Filter>源文件</Filter>
    </ClCompile>
    <ClCompile Include="galaxy_fighter\core\rendererManager.cpp">
      <Filter>源文件</Filter>
    </ClCompile>
    <ClCompile Include="galaxy_fighter\core\resourceManager.cpp">
      <Filter>源文件</Filter>
    </ClCompile>
    <ClCompile Include="galaxy_fighter\core\statistics.cpp">
      <Filter>源文件</Filter>
    </ClCompile>
    <ClCompile Include="galaxy_fighter\core\timer.cpp">
      <Filter>源文件</Filter>
    </ClCompile>
    <ClCompile Include="galaxy_fighter\game\galaxy_fighter.cpp">
      <Filter>源文件</Filter>
    </ClCompile>
    <ClCompile Include="galaxy_fighter\game\gameWorld.cpp">
      <Filter>源文件</Filter>
    </ClCompile>
    <ClCompile Include="galaxy_fighter\core\textRenderer.cpp">
      <Filter>源文件</Filter>
    </ClCompile>
    <ClCompile Include="galaxy_fighter\objects\playerObject\playerObject.cpp">
      <Filter>源文件</Filter>
    </ClCompile>
    <ClCompile Include="galaxy_fighter\utils\random_utils.cpp">
      <Filter>源文件</Filter>
    </ClCompile>
    <ClCompile Include="galaxy_fighter\pch.cpp">
      <Filter>源文件</Filter>
    </ClCompile>
    <ClCompile Include="gameObject\gameObject.cpp">
      <Filter>源文件</Filter>
    </ClCompile>
    <ClCompile Include="galaxy_fighter\core\Resolution.cpp">
      <Filter>源文件</Filter>
    </ClCompile>
    <ClCompile Include="menu.cpp">
      <Filter>源文件</Filter>
    </ClCompile>
    <ClCompile Include="main.cpp">
      <Filter>源文件</Filter>
    </ClCompile>
    <ClCompile Include="galaxy_fighter\objects\MainMenuObject\MenuText.cpp">
      <Filter>源文件</Filter>
    </ClCompile>
    <ClCompile Include="galaxy_fighter\objects\MainMenuObject\MenuImage.cpp">
      <Filter>源文件</Filter>
    </ClCompile>
    <ClCompile Include="galaxy_fighter\objects\MainMenuObject\MenuSound.cpp">
      <Filter>源文件</Filter>
    </ClCompile>
    <ClCompile Include="galaxy_fighter\BehaviorTree\BehaviorTree.cpp">
      <Filter>源文件</Filter>
    </ClCompile>
    <ClCompile Include="galaxy_fighter\BehaviorTree\BTAction_scene\BTAction_image.cpp">
      <Filter>源文件</Filter>
    </ClCompile>
    <ClCompile Include="galaxy_fighter\BehaviorTree\Composite\Selector.cpp">
      <Filter>源文件</Filter>
    </ClCompile>
    <ClCompile Include="galaxy_fighter\BehaviorTree\Composite\Sequence.cpp">
      <Filter>源文件</Filter>
    </ClCompile>
    <ClCompile Include="galaxy_fighter\BehaviorTree\Decorator\condition_decorator.cpp">
      <Filter>源文件</Filter>
    </ClCompile>
    <ClCompile Include="galaxy_fighter\BehaviorTree\utils\BTMath.cpp">
      <Filter>源文件</Filter>
    </ClCompile>
    <ClCompile Include="galaxy_fighter\BehaviorTree\Decorator\Decorator.cpp">
      <Filter>源文件</Filter>
    </ClCompile>
    <ClCompile Include="galaxy_fighter\BehaviorTree\BehaviorTable.cpp">
      <Filter>源文件</Filter>
    </ClCompile>
    <ClCompile Include="galaxy_fighter\BehaviorTree\BehaviorRegistry.cpp">
      <Filter>源文件</Filter>
    </ClCompile>
    <ClCompile Include="galaxy_fighter\BehaviorTree\BTNodeFactory.cpp">
      <Filter>源文件</Filter>
    </ClCompile>
    <ClCompile Include="galaxy_fighter\BehaviorTree\paralle\ParalleNode.cpp">
      <Filter>源文件</Filter>
    </ClCompile>
    <ClCompile Include="galaxy_fighter\objects\environmentAssets\mapObject\MapObject.cpp">
      <Filter>源文件</Filter>
    </ClCompile>
    <ClCompile Include="galaxy_fighter\objects\camera\Camera.cpp">
      <Filter>源文件</Filter>
    </ClCompile>
    <ClCompile Include="galaxy_fighter\BehaviorTree\BTAction_player\BTAction_player.cpp">
      <Filter>源文件</Filter>
    </ClCompile>
    <ClCompile Include="galaxy_fighter\objects\BaseObject.cpp">
      <Filter>源文件</Filter>
    </ClCompile>
    <ClCompile Include="galaxy_fighter\objects\playerObject\PlayerState.cpp">
      <Filter>源文件</Filter>
    </ClCompile>
    <ClCompile Include="galaxy_fighter\objects\playerObject\SpritePlayer.cpp">
      <Filter>源文件</Filter>
    </ClCompile>
    <ClCompile Include="galaxy_fighter\BehaviorTree\InputBuffer.cpp">
      <Filter>源文件</Filter>
    </ClCompile>
    <ClCompile Include="galaxy_fighter\core\Context.cpp">
      <Filter>源文件</Filter>
    </ClCompile>
    <ClCompile Include="galaxy_fighter\BehaviorTree\BTNode.cpp">
      <Filter>源文件</Filter>
    </ClCompile>
    <ClCompile Include="galaxy_fighter\utils\transformUtils.cpp">
      <Filter>源文件</Filter>
    </ClCompile>
    <ClCompile Include="galaxy_fighter\BehaviorTree\BTAction_player\move\MoveNode.cpp">
      <Filter>源文件</Filter>
    </ClCompile>
    <ClCompile Include="galaxy_fighter\core\BlackBoard.cpp">
      <Filter>源文件</Filter>
    </ClCompile>
    <ClCompile Include="galaxy_fighter\BehaviorTree\BTAction_player\Action.cpp">
      <Filter>源文件</Filter>
    </ClCompile>
    <ClCompile Include="galaxy_fighter\BehaviorTree\BTAction_player\jump\JumpNode.cpp">
      <Filter>源文件</Filter>
    </ClCompile>
    <ClCompile Include="galaxy_fighter\BehaviorTree\BTAction_player\fall\FallNode.cpp">
      <Filter>源文件</Filter>
    </ClCompile>
    <ClCompile Include="galaxy_fighter\core\physics\QuadTree.cpp">
      <Filter>源文件</Filter>
    </ClCompile>
    <ClCompile Include="galaxy_fighter\objects\environmentAssets\groundObject\GroundObject.cpp">
      <Filter>源文件</Filter>
    </ClCompile>
    <ClCompile Include="galaxy_fighter\objects\UI\UI.cpp">
      <Filter>源文件</Filter>
    </ClCompile>
    <ClCompile Include="galaxy_fighter\objects\UI\component.cpp">
      <Filter>源文件</Filter>
    </ClCompile>
    <ClCompile Include="galaxy_fighter\objects\UI\esc\Esc_button.cpp">
      <Filter>源文件</Filter>
    </ClCompile>
    <ClCompile Include="galaxy_fighter\objects\UI\UIManager\UIManager.cpp">
      <Filter>源文件</Filter>
    </ClCompile>
    <ClCompile Include="galaxy_fighter\objects\UI\esc\Esc_interface.cpp">
      <Filter>源文件</Filter>
    </ClCompile>
    <ClCompile Include="galaxy_fighter\BehaviorTree\BTAction_player\display_at_position\display_at_position.cpp">
      <Filter>源文件</Filter>
    </ClCompile>
    <ClCompile Include="galaxy_fighter\BehaviorTree\BTAction_player\Down\Down.cpp">
      <Filter>源文件</Filter>
    </ClCompile>
  </ItemGroup>
  <ItemGroup>
    <ClInclude Include="galaxy_fighter\core\inputManager.h">
      <Filter>头文件</Filter>
    </ClInclude>
    <ClInclude Include="galaxy_fighter\core\rendererManager.h">
      <Filter>头文件</Filter>
    </ClInclude>
    <ClInclude Include="galaxy_fighter\core\resourceManager.h">
      <Filter>头文件</Filter>
    </ClInclude>
    <ClInclude Include="galaxy_fighter\core\statistics.h">
      <Filter>头文件</Filter>
    </ClInclude>
    <ClInclude Include="galaxy_fighter\core\timer.h">
      <Filter>头文件</Filter>
    </ClInclude>
    <ClInclude Include="galaxy_fighter\game\galaxy_fighter.h">
      <Filter>头文件</Filter>
    </ClInclude>
    <ClInclude Include="galaxy_fighter\game\gameWorld.h">
      <Filter>头文件</Filter>
    </ClInclude>
    <ClInclude Include="galaxy_fighter\core\textRenderer.h">
      <Filter>头文件</Filter>
    </ClInclude>
    <ClInclude Include="galaxy_fighter\objects\playerObject\playerObject.h">
      <Filter>头文件</Filter>
    </ClInclude>
    <ClInclude Include="galaxy_fighter\utils\random_utils.h">
      <Filter>头文件</Filter>
    </ClInclude>
    <ClInclude Include="galaxy_fighter\config.h">
      <Filter>头文件</Filter>
    </ClInclude>
    <ClInclude Include="galaxy_fighter\pch.h">
      <Filter>头文件</Filter>
    </ClInclude>
    <ClInclude Include="gameObject\gameObject.h">
      <Filter>头文件</Filter>
    </ClInclude>
    <ClInclude Include="galaxy_fighter\core\Resolution.h">
      <Filter>头文件</Filter>
    </ClInclude>
    <ClInclude Include="menu.h">
      <Filter>头文件</Filter>
    </ClInclude>
    <ClInclude Include="galaxy_fighter\objects\MainMenuObject\MenuText.h">
      <Filter>头文件</Filter>
    </ClInclude>
    <ClInclude Include="galaxy_fighter\objects\MainMenuObject\MenuImage.h">
      <Filter>头文件</Filter>
    </ClInclude>
    <ClInclude Include="galaxy_fighter\objects\MainMenuObject\MenuSound.h">
      <Filter>头文件</Filter>
    </ClInclude>
    <ClInclude Include="galaxy_fighter\BehaviorTree\BehaviorTree.h">
      <Filter>头文件</Filter>
    </ClInclude>
    <ClInclude Include="galaxy_fighter\BehaviorTree\BTNode.h">
      <Filter>头文件</Filter>
    </ClInclude>
    <ClInclude Include="galaxy_fighter\BehaviorTree\BTAction_scene\BTAction_image.h">
      <Filter>头文件</Filter>
    </ClInclude>
    <ClInclude Include="galaxy_fighter\BehaviorTree\Composite\Selector.h">
      <Filter>头文件</Filter>
    </ClInclude>
    <ClInclude Include="galaxy_fighter\BehaviorTree\Composite\Sequence.h">
      <Filter>头文件</Filter>
    </ClInclude>
    <ClInclude Include="galaxy_fighter\BehaviorTree\Decorator\condition_decorator.h">
      <Filter>头文件</Filter>
    </ClInclude>
    <ClInclude Include="galaxy_fighter\BehaviorTree\utils\BTMath.h">
      <Filter>头文件</Filter>
    </ClInclude>
    <ClInclude Include="galaxy_fighter\BehaviorTree\Decorator\Decorator.h">
      <Filter>头文件</Filter>
    </ClInclude>
    <ClInclude Include="galaxy_fighter\BehaviorTree\BehaviorTable.h">
      <Filter>头文件</Filter>
    </ClInclude>
    <ClInclude Include="galaxy_fighter\BehaviorTree\BehaviorRegistry.h">
      <Filter>头文件</Filter>
    </ClInclude>
    <ClInclude Include="galaxy_fighter\BehaviorTree\BTNodeFactory.h">
      <Filter>头文件</Filter>
    </ClInclude>
    <ClInclude Include="galaxy_fighter\BehaviorTree\paralle\ParalleNode.h">
      <Filter>头文件</Filter>
    </ClInclude>
    <ClInclude Include="galaxy_fighter\objects\environmentAssets\mapObject\MapObject.h">
      <Filter>头文件</Filter>
    </ClInclude>
    <ClInclude Include="galaxy_fighter\objects\camera\Camera.h">
      <Filter>头文件</Filter>
    </ClInclude>
    <ClInclude Include="galaxy_fighter\BehaviorTree\BTAction_player\BTAction_player.h">
      <Filter>头文件</Filter>
    </ClInclude>
    <ClInclude Include="galaxy_fighter\objects\BaseObject.h">
      <Filter>头文件</Filter>
    </ClInclude>
    <ClInclude Include="galaxy_fighter\objects\playerObject\PlayerState.h">
      <Filter>头文件</Filter>
    </ClInclude>
    <ClInclude Include="galaxy_fighter\objects\playerObject\SpritePlayer.h">
      <Filter>头文件</Filter>
    </ClInclude>
    <ClInclude Include="galaxy_fighter\BehaviorTree\InputBuffer.h">
      <Filter>头文件</Filter>
    </ClInclude>
    <ClInclude Include="galaxy_fighter\core\Context.h">
      <Filter>头文件</Filter>
    </ClInclude>
    <ClInclude Include="json.hpp">
      <Filter>头文件</Filter>
    </ClInclude>
    <ClInclude Include="galaxy_fighter\utils\transformUtils.h">
      <Filter>头文件</Filter>
    </ClInclude>
    <ClInclude Include="galaxy_fighter\BehaviorTree\BTAction_player\move\MoveNode.h">
      <Filter>头文件</Filter>
    </ClInclude>
    <ClInclude Include="galaxy_fighter\core\BlackBoard.h">
      <Filter>头文件</Filter>
    </ClInclude>
    <ClInclude Include="galaxy_fighter\BehaviorTree\BTAction_player\Action.h">
      <Filter>头文件</Filter>
    </ClInclude>
    <ClInclude Include="galaxy_fighter\BehaviorTree\BTAction_player\jump\JumpNode.h">
      <Filter>头文件</Filter>
    </ClInclude>
    <ClInclude Include="galaxy_fighter\BehaviorTree\BTAction_player\fall\FallNode.h">
      <Filter>头文件</Filter>
    </ClInclude>
    <ClInclude Include="galaxy_fighter\core\physics\QuadTree.h">
      <Filter>头文件</Filter>
    </ClInclude>
    <ClInclude Include="galaxy_fighter\objects\environmentAssets\groundObject\GroundObject.h">
      <Filter>头文件</Filter>
    </ClInclude>
    <ClInclude Include="galaxy_fighter\objects\UI\UI.h">
      <Filter>头文件</Filter>
    </ClInclude>
    <ClInclude Include="galaxy_fighter\objects\UI\component.h">
      <Filter>头文件</Filter>
    </ClInclude>
    <ClInclude Include="galaxy_fighter\objects\UI\esc\Esc_button.h">
      <Filter>头文件</Filter>
    </ClInclude>
    <ClInclude Include="galaxy_fighter\objects\UI\UIManager\UIManager.h">
      <Filter>头文件</Filter>
    </ClInclude>
    <ClInclude Include="galaxy_fighter\objects\UI\esc\Esc_interface.h">
      <Filter>头文件</Filter>
    </ClInclude>
    <ClInclude Include="galaxy_fighter\BehaviorTree\BTAction_player\display_at_position\display_at_position.h">
      <Filter>头文件</Filter>
    </ClInclude>
    <ClInclude Include="galaxy_fighter\BehaviorTree\BTAction_player\Down\Down.h">
      <Filter>头文件</Filter>
    </ClInclude>
  </ItemGroup>
  <ItemGroup>
    <None Include="config.json" />
  </ItemGroup>
</Project>